
Microsoft Visual Studio Solution File, Format Version 12.00
# Visual Studio Version 16
VisualStudioVersion = 16.0.30611.23
MinimumVisualStudioVersion = 10.0.40219.1
Project("{FAE04EC0-301F-11D3-BF4B-00C04F79EFBC}") = "CakeShop-WPfApp", "CakeShop-WPfApp.csproj", "{03F853FF-4C20-477A-9D41-4BA98BD38CF8}"
EndProject
Global
	GlobalSection(SolutionConfigurationPlatforms) = preSolution
		Debug|Any CPU = Debug|Any CPU
		Release|Any CPU = Release|Any CPU
	EndGlobalSection
	GlobalSection(ProjectConfigurationPlatforms) = postSolution
		{03F853FF-4C20-477A-9D41-4BA98BD38CF8}.Debug|Any CPU.ActiveCfg = Debug|Any CPU
		{03F853FF-4C20-477A-9D41-4BA98BD38CF8}.Debug|Any CPU.Build.0 = Debug|Any CPU
		{03F853FF-4C20-477A-9D41-4BA98BD38CF8}.Release|Any CPU.ActiveCfg = Release|Any CPU
		{03F853FF-4C20-477A-9D41-4BA98BD38CF8}.Release|Any CPU.Build.0 = Release|Any CPU
	EndGlobalSection
	GlobalSection(SolutionProperties) = preSolution
		HideSolutionNode = FALSE
	EndGlobalSection
	GlobalSection(ExtensibilityGlobals) = postSolution
		SolutionGuid = {7ABD118B-B983-4A99-A46B-35DE5C5CD9E9}
	EndGlobalSection
EndGlobal
